{
  "name": "bim_launcher",
  "version": "1.0.0",
  "lockfileVersion": 2,
  "requires": true,
  "packages": {
    "": {
      "name": "bim_launcher",
      "version": "1.0.0",
      "license": "ISC",
      "dependencies": {
        "run-script": "^0.1.1"
      },
      "devDependencies": {
        "@types/node": "^18.11.18"
      }
    },
    "node_modules/@types/node": {
      "version": "18.11.18",
      "resolved": "https://registry.npmjs.org/@types/node/-/node-18.11.18.tgz",
      "integrity": "sha512-DHQpWGjyQKSHj3ebjFI/wRKcqQcdR+MoFBygntYOZytCqNfkd2ZC4ARDJ2DQqhjH5p85Nnd3jhUJIXrszFX/JA==",
      "dev": true
    },
    "node_modules/run-script": {
      "version": "0.1.1",
      "resolved": "https://registry.npmjs.org/run-script/-/run-script-0.1.1.tgz",
      "integrity": "sha512-j1skh5zbkS0W8O9m4x7qSW2u4uNEANGEmCbuTMwGCxJL1Ysi1rwO5UoRJ/pcEobhcpYVhvmZG/kga5e1Dfj2Ng==",
      "engines": {
        "node": ">=4"
      }
    }
  },
  "dependencies": {
    "@types/node": {
      "version": "18.11.18",
      "resolved": "https://registry.npmjs.org/@types/node/-/node-18.11.18.tgz",
      "integrity": "sha512-DHQpWGjyQKSHj3ebjFI/wRKcqQcdR+MoFBygntYOZytCqNfkd2ZC4ARDJ2DQqhjH5p85Nnd3jhUJIXrszFX/JA==",
      "dev": true
    },
    "run-script": {
      "version": "0.1.1",
      "resolved": "https://registry.npmjs.org/run-script/-/run-script-0.1.1.tgz",
      "integrity": "sha512-j1skh5zbkS0W8O9m4x7qSW2u4uNEANGEmCbuTMwGCxJL1Ysi1rwO5UoRJ/pcEobhcpYVhvmZG/kga5e1Dfj2Ng=="
    }
  }
}
